
Microsoft Visual Studio Solution File, Format Version 12.00
# Visual Studio Version 17
VisualStudioVersion = 17.7.34024.191
MinimumVisualStudioVersion = 10.0.40219.1
Project("{9A19103F-16F7-4668-BE54-9A1E7A4F7556}") = "Async-Oefening", "Async-Oefening\Async-Oefening.csproj", "{D5009A52-0433-4DDE-B8C1-8A12A31F7904}"
EndProject
Project("{2150E333-8FDC-42A3-9474-1A3956D46DE8}") = "Solution Items", "Solution Items", "{976F6ADE-1B77-405E-9953-77138824001C}"
	ProjectSection(SolutionItems) = preProject
		.editorconfig = .editorconfig
	EndProjectSection
EndProject
Global
	GlobalSection(SolutionConfigurationPlatforms) = preSolution
		Debug|Any CPU = Debug|Any CPU
		Release|Any CPU = Release|Any CPU
	EndGlobalSection
	GlobalSection(ProjectConfigurationPlatforms) = postSolution
		{D5009A52-0433-4DDE-B8C1-8A12A31F7904}.Debug|Any CPU.ActiveCfg = Debug|Any CPU
		{D5009A52-0433-4DDE-B8C1-8A12A31F7904}.Debug|Any CPU.Build.0 = Debug|Any CPU
		{D5009A52-0433-4DDE-B8C1-8A12A31F7904}.Release|Any CPU.ActiveCfg = Release|Any CPU
		{D5009A52-0433-4DDE-B8C1-8A12A31F7904}.Release|Any CPU.Build.0 = Release|Any CPU
	EndGlobalSection
	GlobalSection(SolutionProperties) = preSolution
		HideSolutionNode = FALSE
	EndGlobalSection
	GlobalSection(ExtensibilityGlobals) = postSolution
		SolutionGuid = {FD2EFBE5-B0FF-4325-BB5A-F4897FB34824}
	EndGlobalSection
EndGlobal
